
Microsoft Visual Studio Solution File, Format Version 12.00
# Visual Studio Version 16
VisualStudioVersion = 16.0.30413.136
MinimumVisualStudioVersion = 10.0.40219.1
Project("{FAE04EC0-301F-11D3-BF4B-00C04F79EFBC}") = "HuntTheWumpus", "HuntTheWumpus\HuntTheWumpus.csproj", "{D536A2AE-E71E-4D17-AE92-147272295573}"
EndProject
Global
	GlobalSection(SolutionConfigurationPlatforms) = preSolution
		Debug|Any CPU = Debug|Any CPU
		Release|Any CPU = Release|Any CPU
	EndGlobalSection
	GlobalSection(ProjectConfigurationPlatforms) = postSolution
		{D536A2AE-E71E-4D17-AE92-147272295573}.Debug|Any CPU.ActiveCfg = Debug|Any CPU
		{D536A2AE-E71E-4D17-AE92-147272295573}.Debug|Any CPU.Build.0 = Debug|Any CPU
		{D536A2AE-E71E-4D17-AE92-147272295573}.Release|Any CPU.ActiveCfg = Release|Any CPU
		{D536A2AE-E71E-4D17-AE92-147272295573}.Release|Any CPU.Build.0 = Release|Any CPU
	EndGlobalSection
	GlobalSection(SolutionProperties) = preSolution
		HideSolutionNode = FALSE
	EndGlobalSection
	GlobalSection(ExtensibilityGlobals) = postSolution
		SolutionGuid = {A6DA71CD-9E6A-407E-B384-CD7410239528}
	EndGlobalSection
EndGlobal
